
Microsoft Visual Studio Solution File, Format Version 11.00
# Visual Studio 2010
Project("{FAE04EC0-301F-11D3-BF4B-00C04F79EFBC}") = "Unity.RenderPipelines.Universal.Editor", "Unity.RenderPipelines.Universal.Editor.csproj", "{2914696f-3be1-8bc2-36a0-92dc21f5c59b}"
EndProject
Project("{FAE04EC0-301F-11D3-BF4B-00C04F79EFBC}") = "Unity.RenderPipelines.Universal.Runtime", "Unity.RenderPipelines.Universal.Runtime.csproj", "{8da95d05-a67b-b249-e4cd-17b18ddea75f}"
EndProject
Project("{FAE04EC0-301F-11D3-BF4B-00C04F79EFBC}") = "UnityEngine.UI", "UnityEngine.UI.csproj", "{fa1101a3-bedf-00c3-ca8d-566e6af9622a}"
EndProject
Project("{FAE04EC0-301F-11D3-BF4B-00C04F79EFBC}") = "PPv2URPConverters", "PPv2URPConverters.csproj", "{05c3fb9b-e795-3106-cb62-29637e8b3b0e}"
EndProject
Project("{FAE04EC0-301F-11D3-BF4B-00C04F79EFBC}") = "Unity.RenderPipelines.Universal.Editor.Tests", "Unity.RenderPipelines.Universal.Editor.Tests.csproj", "{024f4b85-de72-f6e1-6cf4-d10739e61fbf}"
EndProject
Project("{FAE04EC0-301F-11D3-BF4B-00C04F79EFBC}") = "Unity.RenderPipeline.Universal.ShaderLibrary", "Unity.RenderPipeline.Universal.ShaderLibrary.csproj", "{181d47df-94e4-6ef6-de79-53f81494e4f2}"
EndProject
Project("{FAE04EC0-301F-11D3-BF4B-00C04F79EFBC}") = "Unity.RenderPipelines.Universal.Runtime.Tests", "Unity.RenderPipelines.Universal.Runtime.Tests.csproj", "{4f7c28c0-1735-33ea-edea-6848f9d47ae7}"
EndProject
Project("{FAE04EC0-301F-11D3-BF4B-00C04F79EFBC}") = "Unity.RenderPipelines.Universal.Shaders", "Unity.RenderPipelines.Universal.Shaders.csproj", "{b9aa116f-9a30-c331-8304-7a0d1f327eec}"
EndProject
Project("{FAE04EC0-301F-11D3-BF4B-00C04F79EFBC}") = "Assembly-CSharp", "Assembly-CSharp.csproj", "{67f29f5b-5f00-bfa3-219e-feae2d8c894f}"
EndProject
Global
	GlobalSection(SolutionConfigurationPlatforms) = preSolution
		Debug|Any CPU = Debug|Any CPU
	EndGlobalSection
	GlobalSection(ProjectConfigurationPlatforms) = postSolution
		{2914696f-3be1-8bc2-36a0-92dc21f5c59b}.Debug|Any CPU.ActiveCfg = Debug|Any CPU
		{2914696f-3be1-8bc2-36a0-92dc21f5c59b}.Debug|Any CPU.Build.0 = Debug|Any CPU
		{8da95d05-a67b-b249-e4cd-17b18ddea75f}.Debug|Any CPU.ActiveCfg = Debug|Any CPU
		{8da95d05-a67b-b249-e4cd-17b18ddea75f}.Debug|Any CPU.Build.0 = Debug|Any CPU
		{fa1101a3-bedf-00c3-ca8d-566e6af9622a}.Debug|Any CPU.ActiveCfg = Debug|Any CPU
		{fa1101a3-bedf-00c3-ca8d-566e6af9622a}.Debug|Any CPU.Build.0 = Debug|Any CPU
		{05c3fb9b-e795-3106-cb62-29637e8b3b0e}.Debug|Any CPU.ActiveCfg = Debug|Any CPU
		{05c3fb9b-e795-3106-cb62-29637e8b3b0e}.Debug|Any CPU.Build.0 = Debug|Any CPU
		{024f4b85-de72-f6e1-6cf4-d10739e61fbf}.Debug|Any CPU.ActiveCfg = Debug|Any CPU
		{024f4b85-de72-f6e1-6cf4-d10739e61fbf}.Debug|Any CPU.Build.0 = Debug|Any CPU
		{181d47df-94e4-6ef6-de79-53f81494e4f2}.Debug|Any CPU.ActiveCfg = Debug|Any CPU
		{181d47df-94e4-6ef6-de79-53f81494e4f2}.Debug|Any CPU.Build.0 = Debug|Any CPU
		{4f7c28c0-1735-33ea-edea-6848f9d47ae7}.Debug|Any CPU.ActiveCfg = Debug|Any CPU
		{4f7c28c0-1735-33ea-edea-6848f9d47ae7}.Debug|Any CPU.Build.0 = Debug|Any CPU
		{b9aa116f-9a30-c331-8304-7a0d1f327eec}.Debug|Any CPU.ActiveCfg = Debug|Any CPU
		{b9aa116f-9a30-c331-8304-7a0d1f327eec}.Debug|Any CPU.Build.0 = Debug|Any CPU
		{67f29f5b-5f00-bfa3-219e-feae2d8c894f}.Debug|Any CPU.ActiveCfg = Debug|Any CPU
		{67f29f5b-5f00-bfa3-219e-feae2d8c894f}.Debug|Any CPU.Build.0 = Debug|Any CPU
	EndGlobalSection
	GlobalSection(SolutionProperties) = preSolution
		HideSolutionNode = FALSE
	EndGlobalSection
EndGlobal
